
Microsoft Visual Studio Solution File, Format Version 12.00
# Visual Studio Version 17
VisualStudioVersion = 17.5.33627.172
MinimumVisualStudioVersion = 10.0.40219.1
Project("{FAE04EC0-301F-11D3-BF4B-00C04F79EFBC}") = "Lesson05", "Lesson05\Lesson05.csproj", "{76CA419B-1458-410A-9554-8F09A4B0B58E}"
EndProject
Global
	GlobalSection(SolutionConfigurationPlatforms) = preSolution
		Debug|Any CPU = Debug|Any CPU
		Release|Any CPU = Release|Any CPU
	EndGlobalSection
	GlobalSection(ProjectConfigurationPlatforms) = postSolution
		{76CA419B-1458-410A-9554-8F09A4B0B58E}.Debug|Any CPU.ActiveCfg = Debug|Any CPU
		{76CA419B-1458-410A-9554-8F09A4B0B58E}.Debug|Any CPU.Build.0 = Debug|Any CPU
		{76CA419B-1458-410A-9554-8F09A4B0B58E}.Release|Any CPU.ActiveCfg = Release|Any CPU
		{76CA419B-1458-410A-9554-8F09A4B0B58E}.Release|Any CPU.Build.0 = Release|Any CPU
	EndGlobalSection
	GlobalSection(SolutionProperties) = preSolution
		HideSolutionNode = FALSE
	EndGlobalSection
	GlobalSection(ExtensibilityGlobals) = postSolution
		SolutionGuid = {DD23B897-686D-4204-814B-28007F8F7BA1}
	EndGlobalSection
EndGlobal
