
Microsoft Visual Studio Solution File, Format Version 12.00
# Visual Studio Version 17
VisualStudioVersion = 17.5.33627.172
MinimumVisualStudioVersion = 10.0.40219.1
Project("{FAE04EC0-301F-11D3-BF4B-00C04F79EFBC}") = "Lesson11", "Lesson11\Lesson11.csproj", "{7FB71B40-68DE-4A60-BD39-8E1CD65EE78C}"
EndProject
Global
	GlobalSection(SolutionConfigurationPlatforms) = preSolution
		Debug|Any CPU = Debug|Any CPU
		Release|Any CPU = Release|Any CPU
	EndGlobalSection
	GlobalSection(ProjectConfigurationPlatforms) = postSolution
		{7FB71B40-68DE-4A60-BD39-8E1CD65EE78C}.Debug|Any CPU.ActiveCfg = Debug|Any CPU
		{7FB71B40-68DE-4A60-BD39-8E1CD65EE78C}.Debug|Any CPU.Build.0 = Debug|Any CPU
		{7FB71B40-68DE-4A60-BD39-8E1CD65EE78C}.Release|Any CPU.ActiveCfg = Release|Any CPU
		{7FB71B40-68DE-4A60-BD39-8E1CD65EE78C}.Release|Any CPU.Build.0 = Release|Any CPU
	EndGlobalSection
	GlobalSection(SolutionProperties) = preSolution
		HideSolutionNode = FALSE
	EndGlobalSection
	GlobalSection(ExtensibilityGlobals) = postSolution
		SolutionGuid = {34E7BD62-689D-459C-9D8C-2CED12FF356F}
	EndGlobalSection
EndGlobal
